
Microsoft Visual Studio Solution File, Format Version 12.00
# Visual Studio 15
VisualStudioVersion = 15.0.27004.2006
MinimumVisualStudioVersion = 10.0.40219.1
Project("{FAE04EC0-301F-11D3-BF4B-00C04F79EFBC}") = "TDS171A_Prog_Visual_Trab", "TDS171A_Prog_Visual_Trab\TDS171A_Prog_Visual_Trab.csproj", "{62E16A72-626A-4222-982D-8D21BBB7E3B6}"
EndProject
Global
	GlobalSection(SolutionConfigurationPlatforms) = preSolution
		Debug|Any CPU = Debug|Any CPU
		Release|Any CPU = Release|Any CPU
	EndGlobalSection
	GlobalSection(ProjectConfigurationPlatforms) = postSolution
		{62E16A72-626A-4222-982D-8D21BBB7E3B6}.Debug|Any CPU.ActiveCfg = Debug|Any CPU
		{62E16A72-626A-4222-982D-8D21BBB7E3B6}.Debug|Any CPU.Build.0 = Debug|Any CPU
		{62E16A72-626A-4222-982D-8D21BBB7E3B6}.Release|Any CPU.ActiveCfg = Release|Any CPU
		{62E16A72-626A-4222-982D-8D21BBB7E3B6}.Release|Any CPU.Build.0 = Release|Any CPU
	EndGlobalSection
	GlobalSection(SolutionProperties) = preSolution
		HideSolutionNode = FALSE
	EndGlobalSection
	GlobalSection(ExtensibilityGlobals) = postSolution
		SolutionGuid = {AE8E86B3-1FE3-4F35-BF66-41FFF3FC86DC}
	EndGlobalSection
EndGlobal
